{
  "version": 4,
  "terraform_version": "1.0.4",
  "serial": 68,
  "lineage": "4a5fc167-1446-bb0e-b2f7-be507065ee09",
  "outputs": {},
  "resources": [
    {
      "mode": "managed",
      "type": "openstack_compute_instance_v2",
      "name": "adailton-saraiva",
      "provider": "provider[\"registry.terraform.io/terraform-provider-openstack/openstack\"]",
      "instances": [
        {
          "index_key": 0,
          "schema_version": 0,
          "attributes": {
            "access_ip_v4": "192.168.109.121",
            "access_ip_v6": "",
            "admin_pass": null,
            "all_metadata": {},
            "all_tags": [],
            "availability_zone": "nova",
            "availability_zone_hints": null,
            "block_device": [],
            "config_drive": null,
            "flavor_id": "ba55a913-7f90-4adf-815b-0839cc6a0534",
            "flavor_name": "c2.small",
            "floating_ip": null,
            "force_delete": false,
            "id": "e09e705f-ce4d-4324-a374-39c7b0aaa41c",
            "image_id": "ce53a960-d927-416c-8d7f-d5ef1d66e4e9",
            "image_name": "ubuntu-20.04.1-server-64bit",
            "key_pair": "",
            "metadata": null,
            "name": "terraform-vm-1",
            "network": [
              {
                "access_network": false,
                "fixed_ip_v4": "192.168.109.121",
                "fixed_ip_v6": "",
                "floating_ip": "",
                "mac": "fa:16:3e:7d:9f:21",
                "name": "terraform-net",
                "port": "",
                "uuid": "832fbe97-edda-4881-a68b-94cae723848a"
              }
            ],
            "network_mode": null,
            "personality": [],
            "power_state": "active",
            "region": "",
            "scheduler_hints": [],
            "security_groups": [
              "default"
            ],
            "stop_before_destroy": false,
            "tags": [],
            "timeouts": null,
            "user_data": "a48546691a7847dbdae73d88b1f5184ac6fc5e63",
            "vendor_options": [],
            "volume": []
          },
          "sensitive_attributes": [],
          "private": "eyJlMmJmYjczMC1lY2FhLTExZTYtOGY4OC0zNDM2M2JjN2M0YzAiOnsiY3JlYXRlIjoxODAwMDAwMDAwMDAwLCJkZWxldGUiOjE4MDAwMDAwMDAwMDAsInVwZGF0ZSI6MTgwMDAwMDAwMDAwMH19",
          "dependencies": [
            "openstack_networking_network_v2.terraform-net"
          ]
        }
      ]
    },
    {
      "mode": "managed",
      "type": "openstack_networking_network_v2",
      "name": "terraform-net",
      "provider": "provider[\"registry.terraform.io/terraform-provider-openstack/openstack\"]",
      "instances": [
        {
          "schema_version": 0,
          "attributes": {
            "admin_state_up": true,
            "all_tags": [],
            "availability_zone_hints": [],
            "description": "",
            "dns_domain": "",
            "external": false,
            "id": "832fbe97-edda-4881-a68b-94cae723848a",
            "mtu": 1450,
            "name": "terraform-net",
            "port_security_enabled": true,
            "qos_policy_id": "",
            "region": "",
            "segments": [],
            "shared": false,
            "tags": [],
            "tenant_id": "724ea70fa7774d69a2143714b5ca2e40",
            "timeouts": null,
            "transparent_vlan": false,
            "value_specs": null
          },
          "sensitive_attributes": [],
          "private": "eyJlMmJmYjczMC1lY2FhLTExZTYtOGY4OC0zNDM2M2JjN2M0YzAiOnsiY3JlYXRlIjo2MDAwMDAwMDAwMDAsImRlbGV0ZSI6NjAwMDAwMDAwMDAwfX0="
        }
      ]
    },
    {
      "mode": "managed",
      "type": "openstack_networking_router_interface_v2",
      "name": "router_interface_1",
      "provider": "provider[\"registry.terraform.io/terraform-provider-openstack/openstack\"]",
      "instances": [
        {
          "schema_version": 0,
          "attributes": {
            "id": "dfc49f09-6ccc-4762-8bf5-95a10a067815",
            "port_id": "dfc49f09-6ccc-4762-8bf5-95a10a067815",
            "region": "",
            "router_id": "c94b8557-b983-4b7b-afc7-cea050027928",
            "subnet_id": "f65e28c3-0871-4060-9d0b-d541dc1be10c",
            "timeouts": null
          },
          "sensitive_attributes": [],
          "private": "eyJlMmJmYjczMC1lY2FhLTExZTYtOGY4OC0zNDM2M2JjN2M0YzAiOnsiY3JlYXRlIjo2MDAwMDAwMDAwMDAsImRlbGV0ZSI6NjAwMDAwMDAwMDAwfX0=",
          "dependencies": [
            "openstack_networking_router_v2.router_1",
            "openstack_networking_subnet_v2.subnet1",
            "openstack_networking_network_v2.terraform-net"
          ]
        }
      ]
    },
    {
      "mode": "managed",
      "type": "openstack_networking_router_v2",
      "name": "router_1",
      "provider": "provider[\"registry.terraform.io/terraform-provider-openstack/openstack\"]",
      "instances": [
        {
          "schema_version": 0,
          "attributes": {
            "admin_state_up": true,
            "all_tags": [],
            "availability_zone_hints": [],
            "description": "",
            "distributed": false,
            "enable_snat": true,
            "external_fixed_ip": [
              {
                "ip_address": "10.50.1.129",
                "subnet_id": "abfa50d5-ffa8-4b42-bed0-8647706de585"
              }
            ],
            "external_gateway": "b32ae8ee-391a-4f6d-9307-30eedd6833a8",
            "external_network_id": "b32ae8ee-391a-4f6d-9307-30eedd6833a8",
            "external_subnet_ids": null,
            "id": "c94b8557-b983-4b7b-afc7-cea050027928",
            "name": "tf-net-router",
            "region": "RegionOne",
            "tags": [],
            "tenant_id": "724ea70fa7774d69a2143714b5ca2e40",
            "timeouts": null,
            "value_specs": null,
            "vendor_options": []
          },
          "sensitive_attributes": [],
          "private": "eyJlMmJmYjczMC1lY2FhLTExZTYtOGY4OC0zNDM2M2JjN2M0YzAiOnsiY3JlYXRlIjo2MDAwMDAwMDAwMDAsImRlbGV0ZSI6NjAwMDAwMDAwMDAwfX0="
        }
      ]
    },
    {
      "mode": "managed",
      "type": "openstack_networking_subnet_v2",
      "name": "subnet1",
      "provider": "provider[\"registry.terraform.io/terraform-provider-openstack/openstack\"]",
      "instances": [
        {
          "schema_version": 0,
          "attributes": {
            "all_tags": [],
            "allocation_pool": [
              {
                "end": "192.168.109.200",
                "start": "192.168.109.100"
              }
            ],
            "allocation_pools": [
              {
                "end": "192.168.109.200",
                "start": "192.168.109.100"
              }
            ],
            "cidr": "192.168.109.0/24",
            "description": "",
            "dns_nameservers": [],
            "enable_dhcp": true,
            "gateway_ip": "192.168.109.1",
            "host_routes": [],
            "id": "f65e28c3-0871-4060-9d0b-d541dc1be10c",
            "ip_version": 4,
            "ipv6_address_mode": "",
            "ipv6_ra_mode": "",
            "name": "terraform-subnet",
            "network_id": "832fbe97-edda-4881-a68b-94cae723848a",
            "no_gateway": false,
            "prefix_length": null,
            "region": "",
            "subnetpool_id": "",
            "tags": [],
            "tenant_id": "724ea70fa7774d69a2143714b5ca2e40",
            "timeouts": null,
            "value_specs": null
          },
          "sensitive_attributes": [],
          "private": "eyJlMmJmYjczMC1lY2FhLTExZTYtOGY4OC0zNDM2M2JjN2M0YzAiOnsiY3JlYXRlIjo2MDAwMDAwMDAwMDAsImRlbGV0ZSI6NjAwMDAwMDAwMDAwfX0=",
          "dependencies": [
            "openstack_networking_network_v2.terraform-net"
          ]
        }
      ]
    }
  ]
}
